
Microsoft Visual Studio Solution File, Format Version 12.00
# Visual Studio 15
VisualStudioVersion = 15.0.27004.2009
MinimumVisualStudioVersion = 10.0.40219.1
Project("{FAE04EC0-301F-11D3-BF4B-00C04F79EFBC}") = "Doe.Ls.EntityBase", "Doe.Ls.EntityBase\Doe.Ls.EntityBase.csproj", "{50E9C1DF-8335-40C1-AFA6-C63F2FCC7614}"
EndProject
Project("{FAE04EC0-301F-11D3-BF4B-00C04F79EFBC}") = "Doe.Ls.ProjectTemplate.Data", "Doe.Ls.ProjectTemplate.Data\Doe.Ls.ProjectTemplate.Data.csproj", "{ABB2B7A5-219A-4258-8096-F7BEB4C4C0B1}"
EndProject
Project("{FAE04EC0-301F-11D3-BF4B-00C04F79EFBC}") = "Doe.Ls.TemplateRunner", "Doe.Ls.TemplateRunner\Doe.Ls.TemplateRunner.csproj", "{C23C39F4-4F77-4303-84F2-8E857CFEB67B}"
EndProject
Project("{FAE04EC0-301F-11D3-BF4B-00C04F79EFBC}") = "Doe.Ls.ProjectTemplate.Core", "Doe.Ls.ProjectTemplate.Core\Doe.Ls.ProjectTemplate.Core.csproj", "{9C17193E-0C57-423C-B10E-D85007B4A189}"
EndProject
Project("{FAE04EC0-301F-11D3-BF4B-00C04F79EFBC}") = "Doe.Ls.ProjectTemplate.Core.Test", "Doe.Ls.ProjectTemplate.Core.Test\Doe.Ls.ProjectTemplate.Core.Test.csproj", "{637781A6-8FCA-4EF0-9553-0EDA570B17B9}"
EndProject
Project("{FAE04EC0-301F-11D3-BF4B-00C04F79EFBC}") = "Doe.Ls.ProjectTemplate.Web", "Doe.Ls.ProjectTemplate.Web\Doe.Ls.ProjectTemplate.Web.csproj", "{2D7AFC33-0FC4-448B-A623-B05F462CFEFD}"
EndProject
Global
	GlobalSection(SolutionConfigurationPlatforms) = preSolution
		Debug|Any CPU = Debug|Any CPU
		Dev|Any CPU = Dev|Any CPU
		Localhost|Any CPU = Localhost|Any CPU
		PreProd|Any CPU = PreProd|Any CPU
		Prod|Any CPU = Prod|Any CPU
		Release|Any CPU = Release|Any CPU
		TFS|Any CPU = TFS|Any CPU
		Uat|Any CPU = Uat|Any CPU
	EndGlobalSection
	GlobalSection(ProjectConfigurationPlatforms) = postSolution
		{50E9C1DF-8335-40C1-AFA6-C63F2FCC7614}.Debug|Any CPU.ActiveCfg = Dev|Any CPU
		{50E9C1DF-8335-40C1-AFA6-C63F2FCC7614}.Debug|Any CPU.Build.0 = Dev|Any CPU
		{50E9C1DF-8335-40C1-AFA6-C63F2FCC7614}.Dev|Any CPU.ActiveCfg = Dev|Any CPU
		{50E9C1DF-8335-40C1-AFA6-C63F2FCC7614}.Dev|Any CPU.Build.0 = Dev|Any CPU
		{50E9C1DF-8335-40C1-AFA6-C63F2FCC7614}.Localhost|Any CPU.ActiveCfg = Localhost|Any CPU
		{50E9C1DF-8335-40C1-AFA6-C63F2FCC7614}.Localhost|Any CPU.Build.0 = Localhost|Any CPU
		{50E9C1DF-8335-40C1-AFA6-C63F2FCC7614}.PreProd|Any CPU.ActiveCfg = PreProd|Any CPU
		{50E9C1DF-8335-40C1-AFA6-C63F2FCC7614}.PreProd|Any CPU.Build.0 = PreProd|Any CPU
		{50E9C1DF-8335-40C1-AFA6-C63F2FCC7614}.Prod|Any CPU.ActiveCfg = Prod|Any CPU
		{50E9C1DF-8335-40C1-AFA6-C63F2FCC7614}.Prod|Any CPU.Build.0 = Prod|Any CPU
		{50E9C1DF-8335-40C1-AFA6-C63F2FCC7614}.Release|Any CPU.ActiveCfg = Localhost|Any CPU
		{50E9C1DF-8335-40C1-AFA6-C63F2FCC7614}.Release|Any CPU.Build.0 = Localhost|Any CPU
		{50E9C1DF-8335-40C1-AFA6-C63F2FCC7614}.TFS|Any CPU.ActiveCfg = TFS|Any CPU
		{50E9C1DF-8335-40C1-AFA6-C63F2FCC7614}.TFS|Any CPU.Build.0 = TFS|Any CPU
		{50E9C1DF-8335-40C1-AFA6-C63F2FCC7614}.Uat|Any CPU.ActiveCfg = Uat|Any CPU
		{50E9C1DF-8335-40C1-AFA6-C63F2FCC7614}.Uat|Any CPU.Build.0 = Uat|Any CPU
		{ABB2B7A5-219A-4258-8096-F7BEB4C4C0B1}.Debug|Any CPU.ActiveCfg = Dev|Any CPU
		{ABB2B7A5-219A-4258-8096-F7BEB4C4C0B1}.Debug|Any CPU.Build.0 = Dev|Any CPU
		{ABB2B7A5-219A-4258-8096-F7BEB4C4C0B1}.Dev|Any CPU.ActiveCfg = Dev|Any CPU
		{ABB2B7A5-219A-4258-8096-F7BEB4C4C0B1}.Dev|Any CPU.Build.0 = Dev|Any CPU
		{ABB2B7A5-219A-4258-8096-F7BEB4C4C0B1}.Localhost|Any CPU.ActiveCfg = Localhost|Any CPU
		{ABB2B7A5-219A-4258-8096-F7BEB4C4C0B1}.Localhost|Any CPU.Build.0 = Localhost|Any CPU
		{ABB2B7A5-219A-4258-8096-F7BEB4C4C0B1}.PreProd|Any CPU.ActiveCfg = PreProd|Any CPU
		{ABB2B7A5-219A-4258-8096-F7BEB4C4C0B1}.PreProd|Any CPU.Build.0 = PreProd|Any CPU
		{ABB2B7A5-219A-4258-8096-F7BEB4C4C0B1}.Prod|Any CPU.ActiveCfg = Prod|Any CPU
		{ABB2B7A5-219A-4258-8096-F7BEB4C4C0B1}.Prod|Any CPU.Build.0 = Prod|Any CPU
		{ABB2B7A5-219A-4258-8096-F7BEB4C4C0B1}.Release|Any CPU.ActiveCfg = Localhost|Any CPU
		{ABB2B7A5-219A-4258-8096-F7BEB4C4C0B1}.Release|Any CPU.Build.0 = Localhost|Any CPU
		{ABB2B7A5-219A-4258-8096-F7BEB4C4C0B1}.TFS|Any CPU.ActiveCfg = Uat|Any CPU
		{ABB2B7A5-219A-4258-8096-F7BEB4C4C0B1}.TFS|Any CPU.Build.0 = Uat|Any CPU
		{ABB2B7A5-219A-4258-8096-F7BEB4C4C0B1}.Uat|Any CPU.ActiveCfg = Uat|Any CPU
		{ABB2B7A5-219A-4258-8096-F7BEB4C4C0B1}.Uat|Any CPU.Build.0 = Uat|Any CPU
		{C23C39F4-4F77-4303-84F2-8E857CFEB67B}.Debug|Any CPU.ActiveCfg = Dev|Any CPU
		{C23C39F4-4F77-4303-84F2-8E857CFEB67B}.Debug|Any CPU.Build.0 = Dev|Any CPU
		{C23C39F4-4F77-4303-84F2-8E857CFEB67B}.Dev|Any CPU.ActiveCfg = Dev|Any CPU
		{C23C39F4-4F77-4303-84F2-8E857CFEB67B}.Dev|Any CPU.Build.0 = Dev|Any CPU
		{C23C39F4-4F77-4303-84F2-8E857CFEB67B}.Localhost|Any CPU.ActiveCfg = Localhost|Any CPU
		{C23C39F4-4F77-4303-84F2-8E857CFEB67B}.Localhost|Any CPU.Build.0 = Localhost|Any CPU
		{C23C39F4-4F77-4303-84F2-8E857CFEB67B}.PreProd|Any CPU.ActiveCfg = PreProd|Any CPU
		{C23C39F4-4F77-4303-84F2-8E857CFEB67B}.PreProd|Any CPU.Build.0 = PreProd|Any CPU
		{C23C39F4-4F77-4303-84F2-8E857CFEB67B}.Prod|Any CPU.ActiveCfg = Prod|Any CPU
		{C23C39F4-4F77-4303-84F2-8E857CFEB67B}.Prod|Any CPU.Build.0 = Prod|Any CPU
		{C23C39F4-4F77-4303-84F2-8E857CFEB67B}.Release|Any CPU.ActiveCfg = Localhost|Any CPU
		{C23C39F4-4F77-4303-84F2-8E857CFEB67B}.Release|Any CPU.Build.0 = Localhost|Any CPU
		{C23C39F4-4F77-4303-84F2-8E857CFEB67B}.TFS|Any CPU.ActiveCfg = Uat|Any CPU
		{C23C39F4-4F77-4303-84F2-8E857CFEB67B}.TFS|Any CPU.Build.0 = Uat|Any CPU
		{C23C39F4-4F77-4303-84F2-8E857CFEB67B}.Uat|Any CPU.ActiveCfg = Uat|Any CPU
		{C23C39F4-4F77-4303-84F2-8E857CFEB67B}.Uat|Any CPU.Build.0 = Uat|Any CPU
		{9C17193E-0C57-423C-B10E-D85007B4A189}.Debug|Any CPU.ActiveCfg = Dev|Any CPU
		{9C17193E-0C57-423C-B10E-D85007B4A189}.Debug|Any CPU.Build.0 = Dev|Any CPU
		{9C17193E-0C57-423C-B10E-D85007B4A189}.Dev|Any CPU.ActiveCfg = Dev|Any CPU
		{9C17193E-0C57-423C-B10E-D85007B4A189}.Dev|Any CPU.Build.0 = Dev|Any CPU
		{9C17193E-0C57-423C-B10E-D85007B4A189}.Localhost|Any CPU.ActiveCfg = Localhost|Any CPU
		{9C17193E-0C57-423C-B10E-D85007B4A189}.Localhost|Any CPU.Build.0 = Localhost|Any CPU
		{9C17193E-0C57-423C-B10E-D85007B4A189}.PreProd|Any CPU.ActiveCfg = PreProd|Any CPU
		{9C17193E-0C57-423C-B10E-D85007B4A189}.PreProd|Any CPU.Build.0 = PreProd|Any CPU
		{9C17193E-0C57-423C-B10E-D85007B4A189}.Prod|Any CPU.ActiveCfg = Prod|Any CPU
		{9C17193E-0C57-423C-B10E-D85007B4A189}.Prod|Any CPU.Build.0 = Prod|Any CPU
		{9C17193E-0C57-423C-B10E-D85007B4A189}.Release|Any CPU.ActiveCfg = Localhost|Any CPU
		{9C17193E-0C57-423C-B10E-D85007B4A189}.Release|Any CPU.Build.0 = Localhost|Any CPU
		{9C17193E-0C57-423C-B10E-D85007B4A189}.TFS|Any CPU.ActiveCfg = Uat|Any CPU
		{9C17193E-0C57-423C-B10E-D85007B4A189}.TFS|Any CPU.Build.0 = Uat|Any CPU
		{9C17193E-0C57-423C-B10E-D85007B4A189}.Uat|Any CPU.ActiveCfg = Uat|Any CPU
		{9C17193E-0C57-423C-B10E-D85007B4A189}.Uat|Any CPU.Build.0 = Uat|Any CPU
		{637781A6-8FCA-4EF0-9553-0EDA570B17B9}.Debug|Any CPU.ActiveCfg = Dev|Any CPU
		{637781A6-8FCA-4EF0-9553-0EDA570B17B9}.Debug|Any CPU.Build.0 = Dev|Any CPU
		{637781A6-8FCA-4EF0-9553-0EDA570B17B9}.Dev|Any CPU.ActiveCfg = Dev|Any CPU
		{637781A6-8FCA-4EF0-9553-0EDA570B17B9}.Dev|Any CPU.Build.0 = Dev|Any CPU
		{637781A6-8FCA-4EF0-9553-0EDA570B17B9}.Localhost|Any CPU.ActiveCfg = Localhost|Any CPU
		{637781A6-8FCA-4EF0-9553-0EDA570B17B9}.Localhost|Any CPU.Build.0 = Localhost|Any CPU
		{637781A6-8FCA-4EF0-9553-0EDA570B17B9}.PreProd|Any CPU.ActiveCfg = PreProd|Any CPU
		{637781A6-8FCA-4EF0-9553-0EDA570B17B9}.PreProd|Any CPU.Build.0 = PreProd|Any CPU
		{637781A6-8FCA-4EF0-9553-0EDA570B17B9}.Prod|Any CPU.ActiveCfg = Prod|Any CPU
		{637781A6-8FCA-4EF0-9553-0EDA570B17B9}.Prod|Any CPU.Build.0 = Prod|Any CPU
		{637781A6-8FCA-4EF0-9553-0EDA570B17B9}.Release|Any CPU.ActiveCfg = Localhost|Any CPU
		{637781A6-8FCA-4EF0-9553-0EDA570B17B9}.Release|Any CPU.Build.0 = Localhost|Any CPU
		{637781A6-8FCA-4EF0-9553-0EDA570B17B9}.TFS|Any CPU.ActiveCfg = Uat|Any CPU
		{637781A6-8FCA-4EF0-9553-0EDA570B17B9}.TFS|Any CPU.Build.0 = Uat|Any CPU
		{637781A6-8FCA-4EF0-9553-0EDA570B17B9}.Uat|Any CPU.ActiveCfg = Uat|Any CPU
		{637781A6-8FCA-4EF0-9553-0EDA570B17B9}.Uat|Any CPU.Build.0 = Uat|Any CPU
		{2D7AFC33-0FC4-448B-A623-B05F462CFEFD}.Debug|Any CPU.ActiveCfg = Dev|Any CPU
		{2D7AFC33-0FC4-448B-A623-B05F462CFEFD}.Debug|Any CPU.Build.0 = Dev|Any CPU
		{2D7AFC33-0FC4-448B-A623-B05F462CFEFD}.Dev|Any CPU.ActiveCfg = Dev|Any CPU
		{2D7AFC33-0FC4-448B-A623-B05F462CFEFD}.Dev|Any CPU.Build.0 = Dev|Any CPU
		{2D7AFC33-0FC4-448B-A623-B05F462CFEFD}.Localhost|Any CPU.ActiveCfg = Localhost|Any CPU
		{2D7AFC33-0FC4-448B-A623-B05F462CFEFD}.Localhost|Any CPU.Build.0 = Localhost|Any CPU
		{2D7AFC33-0FC4-448B-A623-B05F462CFEFD}.PreProd|Any CPU.ActiveCfg = PreProd|Any CPU
		{2D7AFC33-0FC4-448B-A623-B05F462CFEFD}.PreProd|Any CPU.Build.0 = PreProd|Any CPU
		{2D7AFC33-0FC4-448B-A623-B05F462CFEFD}.Prod|Any CPU.ActiveCfg = Prod|Any CPU
		{2D7AFC33-0FC4-448B-A623-B05F462CFEFD}.Prod|Any CPU.Build.0 = Prod|Any CPU
		{2D7AFC33-0FC4-448B-A623-B05F462CFEFD}.Release|Any CPU.ActiveCfg = Localhost|Any CPU
		{2D7AFC33-0FC4-448B-A623-B05F462CFEFD}.Release|Any CPU.Build.0 = Localhost|Any CPU
		{2D7AFC33-0FC4-448B-A623-B05F462CFEFD}.TFS|Any CPU.ActiveCfg = TFS|Any CPU
		{2D7AFC33-0FC4-448B-A623-B05F462CFEFD}.TFS|Any CPU.Build.0 = TFS|Any CPU
		{2D7AFC33-0FC4-448B-A623-B05F462CFEFD}.Uat|Any CPU.ActiveCfg = Uat|Any CPU
		{2D7AFC33-0FC4-448B-A623-B05F462CFEFD}.Uat|Any CPU.Build.0 = Uat|Any CPU
	EndGlobalSection
	GlobalSection(SolutionProperties) = preSolution
		HideSolutionNode = FALSE
	EndGlobalSection
	GlobalSection(ExtensibilityGlobals) = postSolution
		SolutionGuid = {508CDF2A-4B81-44D6-91BF-135ADF226E03}
	EndGlobalSection
EndGlobal
